
Microsoft Visual Studio Solution File, Format Version 12.00
# Visual Studio Version 16
VisualStudioVersion = 16.0.31624.102
MinimumVisualStudioVersion = 10.0.40219.1
Project("{9A19103F-16F7-4668-BE54-9A1E7A4F7556}") = "BlogProject.Model", "BlogProject.Model\BlogProject.Model.csproj", "{FF94B0C0-43A2-422E-A91A-187204D0821A}"
EndProject
Project("{2150E333-8FDC-42A3-9474-1A3956D46DE8}") = "ReadmE", "ReadmE", "{83611BC4-B369-4A7D-87B2-56DACAC65424}"
	ProjectSection(SolutionItems) = preProject
		ReadMe.txt = ReadMe.txt
	EndProjectSection
EndProject
Project("{9A19103F-16F7-4668-BE54-9A1E7A4F7556}") = "BlogProject.Infrastructure", "BlogProject.Infrastructure\BlogProject.Infrastructure.csproj", "{C0A3C34D-017B-42CE-BF0B-E55A24BD682F}"
EndProject
Project("{FAE04EC0-301F-11D3-BF4B-00C04F79EFBC}") = "BlogProject.Web", "BlogProject.Web\BlogProject.Web.csproj", "{6EC97FB2-9AFB-45C4-AFE8-EE937C5FAC23}"
EndProject
Global
	GlobalSection(SolutionConfigurationPlatforms) = preSolution
		Debug|Any CPU = Debug|Any CPU
		Release|Any CPU = Release|Any CPU
	EndGlobalSection
	GlobalSection(ProjectConfigurationPlatforms) = postSolution
		{FF94B0C0-43A2-422E-A91A-187204D0821A}.Debug|Any CPU.ActiveCfg = Debug|Any CPU
		{FF94B0C0-43A2-422E-A91A-187204D0821A}.Debug|Any CPU.Build.0 = Debug|Any CPU
		{FF94B0C0-43A2-422E-A91A-187204D0821A}.Release|Any CPU.ActiveCfg = Release|Any CPU
		{FF94B0C0-43A2-422E-A91A-187204D0821A}.Release|Any CPU.Build.0 = Release|Any CPU
		{C0A3C34D-017B-42CE-BF0B-E55A24BD682F}.Debug|Any CPU.ActiveCfg = Debug|Any CPU
		{C0A3C34D-017B-42CE-BF0B-E55A24BD682F}.Debug|Any CPU.Build.0 = Debug|Any CPU
		{C0A3C34D-017B-42CE-BF0B-E55A24BD682F}.Release|Any CPU.ActiveCfg = Release|Any CPU
		{C0A3C34D-017B-42CE-BF0B-E55A24BD682F}.Release|Any CPU.Build.0 = Release|Any CPU
		{6EC97FB2-9AFB-45C4-AFE8-EE937C5FAC23}.Debug|Any CPU.ActiveCfg = Debug|Any CPU
		{6EC97FB2-9AFB-45C4-AFE8-EE937C5FAC23}.Debug|Any CPU.Build.0 = Debug|Any CPU
		{6EC97FB2-9AFB-45C4-AFE8-EE937C5FAC23}.Release|Any CPU.ActiveCfg = Release|Any CPU
		{6EC97FB2-9AFB-45C4-AFE8-EE937C5FAC23}.Release|Any CPU.Build.0 = Release|Any CPU
	EndGlobalSection
	GlobalSection(SolutionProperties) = preSolution
		HideSolutionNode = FALSE
	EndGlobalSection
	GlobalSection(ExtensibilityGlobals) = postSolution
		SolutionGuid = {DDDFA968-69BE-4EB7-A0CA-C0EF0E4C07AC}
	EndGlobalSection
EndGlobal
